// !$*UTF8*$!
{
	archiveVersion = 1;
	classes = {
	};
	objectVersion = 50;
	objects = {

/* Begin PBXBuildFile section */
		2F5AC771227C8C1A008EAF36 /* AppDelegate.swift in Sources */ = {isa = PBXBuildFile; fileRef = 2F5AC770227C8C1A008EAF36 /* AppDelegate.swift */; };
		2F5AC773227C8C1A008EAF36 /* ViewController.swift in Sources */ = {isa = PBXBuildFile; fileRef = 2F5AC772227C8C1A008EAF36 /* ViewController.swift */; };
		2F5AC776227C8C1A008EAF36 /* Main.storyboard in Resources */ = {isa = PBXBuildFile; fileRef = 2F5AC774227C8C1A008EAF36 /* Main.storyboard */; };
		2F5AC778227C8C1B008EAF36 /* Assets.xcassets in Resources */ = {isa = PBXBuildFile; fileRef = 2F5AC777227C8C1B008EAF36 /* Assets.xcassets */; };
		2F5AC77B227C8C1B008EAF36 /* LaunchScreen.storyboard in Resources */ = {isa = PBXBuildFile; fileRef = 2F5AC779227C8C1B008EAF36 /* LaunchScreen.storyboard */; };
/* End PBXBuildFile section */

/* Begin PBXFileReference section */
		2F5AC76D227C8C1A008EAF36 /* BLEDemoPeripheral.app */ = {isa = PBXFileReference; explicitFileType = wrapper.application; includeInIndex = 0; path = BLEDemoPeripheral.app; sourceTree = BUILT_PRODUCTS_DIR; };
		2F5AC770227C8C1A008EAF36 /* AppDelegate.swift */ = {isa = PBXFileReference; lastKnownFileType = sourcecode.swift; path = AppDelegate.swift; sourceTree = "<group>"; };
		2F5AC772227C8C1A008EAF36 /* ViewController.swift */ = {isa = PBXFileReference; lastKnownFileType = sourcecode.swift; path = ViewController.swift; sourceTree = "<group>"; };
		2F5AC775227C8C1A008EAF36 /* Base */ = {isa = PBXFileReference; lastKnownFileType = file.storyboard; name = Base; path = Base.lproj/Main.storyboard; sourceTree = "<group>"; };
		2F5AC777227C8C1B008EAF36 /* Assets.xcassets */ = {isa = PBXFileReference; lastKnownFileType = folder.assetcatalog; path = Assets.xcassets; sourceTree = "<group>"; };
		2F5AC77A227C8C1B008EAF36 /* Base */ = {isa = PBXFileReference; lastKnownFileType = file.storyboard; name = Base; path = Base.lproj/LaunchScreen.storyboard; sourceTree = "<group>"; };
		2F5AC77C227C8C1B008EAF36 /* Info.plist */ = {isa = PBXFileReference; lastKnownFileType = text.plist.xml; path = Info.plist; sourceTree = "<group>"; };
/* End PBXFileReference section */

/* Begin PBXFrameworksBuildPhase section */
		2F5AC76A227C8C1A008EAF36 /* Frameworks */ = {
			isa = PBXFrameworksBuildPhase;
			buildActionMask = 2147483647;
			files = (
			);
			runOnlyForDeploymentPostprocessing = 0;
		};
/* End PBXFrameworksBuildPhase section */

/* Begin PBXGroup section */
		2F5AC764227C8C1A008EAF36 = {
			isa = PBXGroup;
			children = (
				2F5AC76F227C8C1A008EAF36 /* BLEDemoPeripheral */,
				2F5AC76E227C8C1A008EAF36 /* Products */,
			);
			sourceTree = "<group>";
		};
		2F5AC76E227C8C1A008EAF36 /* Products */ = {
			isa = PBXGroup;
			children = (
				2F5AC76D227C8C1A008EAF36 /* BLEDemoPeripheral.app */,
			);
			name = Products;
			sourceTree = "<group>";
		};
		2F5AC76F227C8C1A008EAF36 /* BLEDemoPeripheral */ = {
			isa = PBXGroup;
			children = (
				2F5AC770227C8C1A008EAF36 /* AppDelegate.swift */,
				2F5AC772227C8C1A008EAF36 /* ViewController.swift */,
				2F5AC774227C8C1A008EAF36 /* Main.storyboard */,
				2F5AC777227C8C1B008EAF36 /* Assets.xcassets */,
				2F5AC779227C8C1B008EAF36 /* LaunchScreen.storyboard */,
				2F5AC77C227C8C1B008EAF36 /* Info.plist */,
			);
			path = BLEDemoPeripheral;
			sourceTree = "<group>";
		};
/* End PBXGroup section */

/* Begin PBXNativeTarget section */
		2F5AC76C227C8C1A008EAF36 /* BLEDemoPeripheral */ = {
			isa = PBXNativeTarget;
			buildConfigurationList = 2F5AC77F227C8C1B008EAF36 /* Build configuration list for PBXNativeTarget "BLEDemoPeripheral" */;
			buildPhases = (
				2F5AC769227C8C1A008EAF36 /* Sources */,
				2F5AC76A227C8C1A008EAF36 /* Frameworks */,
				2F5AC76B227C8C1A008EAF36 /* Resources */,
			);
			buildRules = (
			);
			dependencies = (
			);
			name = BLEDemoPeripheral;
			productName = BLEDemoPeripheral;
			productReference = 2F5AC76D227C8C1A008EAF36 /* BLEDemoPeripheral.app */;
			productType = "com.apple.product-type.application";
		};
/* End PBXNativeTarget section */

/* Begin PBXProject section */
		2F5AC765227C8C1A008EAF36 /* Project object */ = {
			isa = PBXProject;
			attributes = {
				LastSwiftUpdateCheck = 1020;
				LastUpgradeCheck = 1020;
				ORGANIZATIONNAME = "Ira Golubovich";
				TargetAttributes = {
					2F5AC76C227C8C1A008EAF36 = {
						CreatedOnToolsVersion = 10.2.1;
					};
				};
			};
			buildConfigurationList = 2F5AC768227C8C1A008EAF36 /* Build configuration list for PBXProject "BLEDemoPeripheral" */;
			compatibilityVersion = "Xcode 9.3";
			developmentRegion = en;
			hasScannedForEncodings = 0;
			knownRegions = (
				en,
				Base,
			);
			mainGroup = 2F5AC764227C8C1A008EAF36;
			productRefGroup = 2F5AC76E227C8C1A008EAF36 /* Products */;
			projectDirPath = "";
			projectRoot = "";
			targets = (
				2F5AC76C227C8C1A008EAF36 /* BLEDemoPeripheral */,
			);
		};
/* End PBXProject section */

/* Begin PBXResourcesBuildPhase section */
		2F5AC76B227C8C1A008EAF36 /* Resources */ = {
			isa = PBXResourcesBuildPhase;
			buildActionMask = 2147483647;
			files = (
				2F5AC77B227C8C1B008EAF36 /* LaunchScreen.storyboard in Resources */,
				2F5AC778227C8C1B008EAF36 /* Assets.xcassets in Resources */,
				2F5AC776227C8C1A008EAF36 /* Main.storyboard in Resources */,
			);
			runOnlyForDeploymentPostprocessing = 0;
		};
/* End PBXResourcesBuildPhase section */

/* Begin PBXSourcesBuildPhase section */
		2F5AC769227C8C1A008EAF36 /* Sources */ = {
			isa = PBXSourcesBuildPhase;
			buildActionMask = 2147483647;
			files = (
				2F5AC773227C8C1A008EAF36 /* ViewController.swift in Sources */,
				2F5AC771227C8C1A008EAF36 /* AppDelegate.swift in Sources */,
			);
			runOnlyForDeploymentPostprocessing = 0;
		};
/* End PBXSourcesBuildPhase section */

/* Begin PBXVariantGroup section */
		2F5AC774227C8C1A008EAF36 /* Main.storyboard */ = {
			isa = PBXVariantGroup;
			children = (
				2F5AC775227C8C1A008EAF36 /* Base */,
			);
			name = Main.storyboard;
			sourceTree = "<group>";
		};
		2F5AC779227C8C1B008EAF36 /* LaunchScreen.storyboard */ = {
			isa = PBXVariantGroup;
			children = (
				2F5AC77A227C8C1B008EAF36 /* Base */,
			);
			name = LaunchScreen.storyboard;
			sourceTree = "<group>";
		};
/* End PBXVariantGroup section */

/* Begin XCBuildConfiguration section */
		2F5AC77D227C8C1B008EAF36 /* Debug */ = {
			isa = XCBuildConfiguration;
			buildSettings = {
				ALWAYS_SEARCH_USER_PATHS = NO;
				CLANG_ANALYZER_NONNULL = YES;
				CLANG_ANALYZER_NUMBER_OBJECT_CONVERSION = YES_AGGRESSIVE;
				CLANG_CXX_LANGUAGE_STANDARD = "gnu++14";
				CLANG_CXX_LIBRARY = "libc++";
				CLANG_ENABLE_MODULES = YES;
				CLANG_ENABLE_OBJC_ARC = YES;
				CLANG_ENABLE_OBJC_WEAK = YES;
				CLANG_WARN_BLOCK_CAPTURE_AUTORELEASING = YES;
				CLANG_WARN_BOOL_CONVERSION = YES;
				CLANG_WARN_COMMA = YES;
				CLANG_WARN_CONSTANT_CONVERSION = YES;
				CLANG_WARN_DEPRECATED_OBJC_IMPLEMENTATIONS = YES;
				CLANG_WARN_DIRECT_OBJC_ISA_USAGE = YES_ERROR;
				CLANG_WARN_DOCUMENTATION_COMMENTS = YES;
				CLANG_WARN_EMPTY_BODY = YES;
				CLANG_WARN_ENUM_CONVERSION = YES;
				CLANG_WARN_INFINITE_RECURSION = YES;
				CLANG_WARN_INT_CONVERSION = YES;
				CLANG_WARN_NON_LITERAL_NULL_CONVERSION = YES;
				CLANG_WARN_OBJC_IMPLICIT_RETAIN_SELF = YES;
				CLANG_WARN_OBJC_LITERAL_CONVERSION = YES;
				CLANG_WARN_OBJC_ROOT_CLASS = YES_ERROR;
				CLANG_WARN_RANGE_LOOP_ANALYSIS = YES;
				CLANG_WARN_STRICT_PROTOTYPES = YES;
				CLANG_WARN_SUSPICIOUS_MOVE = YES;
				CLANG_WARN_UNGUARDED_AVAILABILITY = YES_AGGRESSIVE;
				CLANG_WARN_UNREACHABLE_CODE = YES;
				CLANG_WARN__DUPLICATE_METHOD_MATCH = YES;
				CODE_SIGN_IDENTITY = "iPhone Developer";
				COPY_PHASE_STRIP = NO;
				DEBUG_INFORMATION_FORMAT = dwarf;
				ENABLE_STRICT_OBJC_MSGSEND = YES;
				ENABLE_TESTABILITY = YES;
				GCC_C_LANGUAGE_STANDARD = gnu11;
				GCC_DYNAMIC_NO_PIC = NO;
				GCC_NO_COMMON_BLOCKS = YES;
				GCC_OPTIMIZATION_LEVEL = 0;
				GCC_PREPROCESSOR_DEFINITIONS = (
					"DEBUG=1",
					"$(inherited)",
				);
				GCC_WARN_64_TO_32_BIT_CONVERSION = YES;
				GCC_WARN_ABOUT_RETURN_TYPE = YES_ERROR;
				GCC_WARN_UNDECLARED_SELECTOR = YES;
				GCC_WARN_UNINITIALIZED_AUTOS = YES_AGGRESSIVE;
				GCC_WARN_UNUSED_FUNCTION = YES;
				GCC_WARN_UNUSED_VARIABLE = YES;
				IPHONEOS_DEPLOYMENT_TARGET = 12.2;
				MTL_ENABLE_DEBUG_INFO = INCLUDE_SOURCE;
				MTL_FAST_MATH = YES;
				ONLY_ACTIVE_ARCH = YES;
				SDKROOT = iphoneos;
				SWIFT_ACTIVE_COMPILATION_CONDITIONS = DEBUG;
				SWIFT_OPTIMIZATION_LEVEL = "-Onone";
			};
			name = Debug;
		};
		2F5AC77E227C8C1B008EAF36 /* Release */ = {
			isa = XCBuildConfiguration;
			buildSettings = {
				ALWAYS_SEARCH_USER_PATHS = NO;
				CLANG_ANALYZER_NONNULL = YES;
				CLANG_ANALYZER_NUMBER_OBJECT_CONVERSION = YES_AGGRESSIVE;
				CLANG_CXX_LANGUAGE_STANDARD = "gnu++14";
				CLANG_CXX_LIBRARY = "libc++";
				CLANG_ENABLE_MODULES = YES;
				CLANG_ENABLE_OBJC_ARC = YES;
				CLANG_ENABLE_OBJC_WEAK = YES;
				CLANG_WARN_BLOCK_CAPTURE_AUTORELEASING = YES;
				CLANG_WARN_BOOL_CONVERSION = YES;
				CLANG_WARN_COMMA = YES;
				CLANG_WARN_CONSTANT_CONVERSION = YES;
				CLANG_WARN_DEPRECATED_OBJC_IMPLEMENTATIONS = YES;
				CLANG_WARN_DIRECT_OBJC_ISA_USAGE = YES_ERROR;
				CLANG_WARN_DOCUMENTATION_COMMENTS = YES;
				CLANG_WARN_EMPTY_BODY = YES;
				CLANG_WARN_ENUM_CONVERSION = YES;
				CLANG_WARN_INFINITE_RECURSION = YES;
				CLANG_WARN_INT_CONVERSION = YES;
				CLANG_WARN_NON_LITERAL_NULL_CONVERSION = YES;
				CLANG_WARN_OBJC_IMPLICIT_RETAIN_SELF = YES;
				CLANG_WARN_OBJC_LITERAL_CONVERSION = YES;
				CLANG_WARN_OBJC_ROOT_CLASS = YES_ERROR;
				CLANG_WARN_RANGE_LOOP_ANALYSIS = YES;
				CLANG_WARN_STRICT_PROTOTYPES = YES;
				CLANG_WARN_SUSPICIOUS_MOVE = YES;
				CLANG_WARN_UNGUARDED_AVAILABILITY = YES_AGGRESSIVE;
				CLANG_WARN_UNREACHABLE_CODE = YES;
				CLANG_WARN__DUPLICATE_METHOD_MATCH = YES;
				CODE_SIGN_IDENTITY = "iPhone Developer";
				COPY_PHASE_STRIP = NO;
				DEBUG_INFORMATION_FORMAT = "dwarf-with-dsym";
				ENABLE_NS_ASSERTIONS = NO;
				ENABLE_STRICT_OBJC_MSGSEND = YES;
				GCC_C_LANGUAGE_STANDARD = gnu11;
				GCC_NO_COMMON_BLOCKS = YES;
				GCC_WARN_64_TO_32_BIT_CONVERSION = YES;
				GCC_WARN_ABOUT_RETURN_TYPE = YES_ERROR;
				GCC_WARN_UNDECLARED_SELECTOR = YES;
				GCC_WARN_UNINITIALIZED_AUTOS = YES_AGGRESSIVE;
				GCC_WARN_UNUSED_FUNCTION = YES;
				GCC_WARN_UNUSED_VARIABLE = YES;
				IPHONEOS_DEPLOYMENT_TARGET = 12.2;
				MTL_ENABLE_DEBUG_INFO = NO;
				MTL_FAST_MATH = YES;
				SDKROOT = iphoneos;
				SWIFT_COMPILATION_MODE = wholemodule;
				SWIFT_OPTIMIZATION_LEVEL = "-O";
				VALIDATE_PRODUCT = YES;
			};
			name = Release;
		};
		2F5AC780227C8C1B008EAF36 /* Debug */ = {
			isa = XCBuildConfiguration;
			buildSettings = {
				ASSETCATALOG_COMPILER_APPICON_NAME = AppIcon;
				CODE_SIGN_STYLE = Automatic;
				DEVELOPMENT_TEAM = N76VWDJ32E;
				INFOPLIST_FILE = BLEDemoPeripheral/Info.plist;
				LD_RUNPATH_SEARCH_PATHS = (
					"$(inherited)",
					"@executable_path/Frameworks",
				);
				PRODUCT_BUNDLE_IDENTIFIER = "Ira-Golubovich.BLEDemoPeripheral";
				PRODUCT_NAME = "$(TARGET_NAME)";
				SWIFT_VERSION = 5.0;
				TARGETED_DEVICE_FAMILY = "1,2";
			};
			name = Debug;
		};
		2F5AC781227C8C1B008EAF36 /* Release */ = {
			isa = XCBuildConfiguration;
			buildSettings = {
				ASSETCATALOG_COMPILER_APPICON_NAME = AppIcon;
				CODE_SIGN_STYLE = Automatic;
				DEVELOPMENT_TEAM = N76VWDJ32E;
				INFOPLIST_FILE = BLEDemoPeripheral/Info.plist;
				LD_RUNPATH_SEARCH_PATHS = (
					"$(inherited)",
					"@executable_path/Frameworks",
				);
				PRODUCT_BUNDLE_IDENTIFIER = "Ira-Golubovich.BLEDemoPeripheral";
				PRODUCT_NAME = "$(TARGET_NAME)";
				SWIFT_VERSION = 5.0;
				TARGETED_DEVICE_FAMILY = "1,2";
			};
			name = Release;
		};
/* End XCBuildConfiguration section */

/* Begin XCConfigurationList section */
		2F5AC768227C8C1A008EAF36 /* Build configuration list for PBXProject "BLEDemoPeripheral" */ = {
			isa = XCConfigurationList;
			buildConfigurations = (
				2F5AC77D227C8C1B008EAF36 /* Debug */,
				2F5AC77E227C8C1B008EAF36 /* Release */,
			);
			defaultConfigurationIsVisible = 0;
			defaultConfigurationName = Release;
		};
		2F5AC77F227C8C1B008EAF36 /* Build configuration list for PBXNativeTarget "BLEDemoPeripheral" */ = {
			isa = XCConfigurationList;
			buildConfigurations = (
				2F5AC780227C8C1B008EAF36 /* Debug */,
				2F5AC781227C8C1B008EAF36 /* Release */,
			);
			defaultConfigurationIsVisible = 0;
			defaultConfigurationName = Release;
		};
/* End XCConfigurationList section */
	};
	rootObject = 2F5AC765227C8C1A008EAF36 /* Project object */;
}
